
Microsoft Visual Studio Solution File, Format Version 12.00
# Visual Studio Version 17
VisualStudioVersion = 17.3.32929.385
MinimumVisualStudioVersion = 10.0.40219.1
Project("{9A19103F-16F7-4668-BE54-9A1E7A4F7556}") = "WebApp.PokeDex", "PokeDex\WebApp.PokeDex.csproj", "{0E276229-B302-4DBA-935A-270E8DF25483}"
EndProject
Project("{9A19103F-16F7-4668-BE54-9A1E7A4F7556}") = "Pokedex.Infrastructure.Persistence", "Database\Pokedex.Infrastructure.Persistence.csproj", "{97D74894-CA8C-4188-902B-6F746F40977F}"
EndProject
Project("{9A19103F-16F7-4668-BE54-9A1E7A4F7556}") = "PokeDex.Core.Application", "Application\PokeDex.Core.Application.csproj", "{1F121D61-8BD3-455D-BA79-E683BADC07EA}"
EndProject
Project("{2150E333-8FDC-42A3-9474-1A3956D46DE8}") = "Source", "Source", "{3CDFDFC0-ED28-4733-B3D9-78DF82B585E7}"
EndProject
Project("{2150E333-8FDC-42A3-9474-1A3956D46DE8}") = "Core", "Core", "{643537BD-0145-41CD-B474-CBF000D7B81D}"
EndProject
Project("{2150E333-8FDC-42A3-9474-1A3956D46DE8}") = "Infrastructure", "Infrastructure", "{C942ADC9-B36D-4968-AE08-2B8B0B7A2876}"
EndProject
Project("{2150E333-8FDC-42A3-9474-1A3956D46DE8}") = "WebApp", "WebApp", "{73D8F91B-B64A-4689-B149-65D57D71F6BE}"
EndProject
Project("{9A19103F-16F7-4668-BE54-9A1E7A4F7556}") = "PokeDex.Core.Domain", "PokeDex.Domain\PokeDex.Core.Domain.csproj", "{0B58EA12-BD6F-44DE-AD91-03694F95FB53}"
EndProject
Project("{2150E333-8FDC-42A3-9474-1A3956D46DE8}") = "Presentation", "Presentation", "{3E44959D-74DA-4697-A30E-5CBCF7C5194F}"
EndProject
Project("{2150E333-8FDC-42A3-9474-1A3956D46DE8}") = "WebApi", "WebApi", "{21C0DFB7-AED1-481C-B18F-B502A7F3999D}"
EndProject
Project("{FAE04EC0-301F-11D3-BF4B-00C04F79EFBC}") = "PokeDex.WebApi", "PokeDex.WebApi\PokeDex.WebApi.csproj", "{42D4A0AA-CC6D-4311-A3DE-A1276BC27B67}"
EndProject
Global
	GlobalSection(SolutionConfigurationPlatforms) = preSolution
		Debug|Any CPU = Debug|Any CPU
		Release|Any CPU = Release|Any CPU
	EndGlobalSection
	GlobalSection(ProjectConfigurationPlatforms) = postSolution
		{0E276229-B302-4DBA-935A-270E8DF25483}.Debug|Any CPU.ActiveCfg = Debug|Any CPU
		{0E276229-B302-4DBA-935A-270E8DF25483}.Debug|Any CPU.Build.0 = Debug|Any CPU
		{0E276229-B302-4DBA-935A-270E8DF25483}.Release|Any CPU.ActiveCfg = Release|Any CPU
		{0E276229-B302-4DBA-935A-270E8DF25483}.Release|Any CPU.Build.0 = Release|Any CPU
		{97D74894-CA8C-4188-902B-6F746F40977F}.Debug|Any CPU.ActiveCfg = Debug|Any CPU
		{97D74894-CA8C-4188-902B-6F746F40977F}.Debug|Any CPU.Build.0 = Debug|Any CPU
		{97D74894-CA8C-4188-902B-6F746F40977F}.Release|Any CPU.ActiveCfg = Release|Any CPU
		{97D74894-CA8C-4188-902B-6F746F40977F}.Release|Any CPU.Build.0 = Release|Any CPU
		{1F121D61-8BD3-455D-BA79-E683BADC07EA}.Debug|Any CPU.ActiveCfg = Debug|Any CPU
		{1F121D61-8BD3-455D-BA79-E683BADC07EA}.Debug|Any CPU.Build.0 = Debug|Any CPU
		{1F121D61-8BD3-455D-BA79-E683BADC07EA}.Release|Any CPU.ActiveCfg = Release|Any CPU
		{1F121D61-8BD3-455D-BA79-E683BADC07EA}.Release|Any CPU.Build.0 = Release|Any CPU
		{0B58EA12-BD6F-44DE-AD91-03694F95FB53}.Debug|Any CPU.ActiveCfg = Debug|Any CPU
		{0B58EA12-BD6F-44DE-AD91-03694F95FB53}.Debug|Any CPU.Build.0 = Debug|Any CPU
		{0B58EA12-BD6F-44DE-AD91-03694F95FB53}.Release|Any CPU.ActiveCfg = Release|Any CPU
		{0B58EA12-BD6F-44DE-AD91-03694F95FB53}.Release|Any CPU.Build.0 = Release|Any CPU
		{42D4A0AA-CC6D-4311-A3DE-A1276BC27B67}.Debug|Any CPU.ActiveCfg = Debug|Any CPU
		{42D4A0AA-CC6D-4311-A3DE-A1276BC27B67}.Debug|Any CPU.Build.0 = Debug|Any CPU
		{42D4A0AA-CC6D-4311-A3DE-A1276BC27B67}.Release|Any CPU.ActiveCfg = Release|Any CPU
		{42D4A0AA-CC6D-4311-A3DE-A1276BC27B67}.Release|Any CPU.Build.0 = Release|Any CPU
	EndGlobalSection
	GlobalSection(SolutionProperties) = preSolution
		HideSolutionNode = FALSE
	EndGlobalSection
	GlobalSection(NestedProjects) = preSolution
		{0E276229-B302-4DBA-935A-270E8DF25483} = {73D8F91B-B64A-4689-B149-65D57D71F6BE}
		{97D74894-CA8C-4188-902B-6F746F40977F} = {C942ADC9-B36D-4968-AE08-2B8B0B7A2876}
		{1F121D61-8BD3-455D-BA79-E683BADC07EA} = {643537BD-0145-41CD-B474-CBF000D7B81D}
		{643537BD-0145-41CD-B474-CBF000D7B81D} = {3CDFDFC0-ED28-4733-B3D9-78DF82B585E7}
		{C942ADC9-B36D-4968-AE08-2B8B0B7A2876} = {3CDFDFC0-ED28-4733-B3D9-78DF82B585E7}
		{73D8F91B-B64A-4689-B149-65D57D71F6BE} = {3E44959D-74DA-4697-A30E-5CBCF7C5194F}
		{0B58EA12-BD6F-44DE-AD91-03694F95FB53} = {643537BD-0145-41CD-B474-CBF000D7B81D}
		{3E44959D-74DA-4697-A30E-5CBCF7C5194F} = {3CDFDFC0-ED28-4733-B3D9-78DF82B585E7}
		{21C0DFB7-AED1-481C-B18F-B502A7F3999D} = {3E44959D-74DA-4697-A30E-5CBCF7C5194F}
		{42D4A0AA-CC6D-4311-A3DE-A1276BC27B67} = {21C0DFB7-AED1-481C-B18F-B502A7F3999D}
	EndGlobalSection
	GlobalSection(ExtensibilityGlobals) = postSolution
		SolutionGuid = {E39F7FCA-AD5A-43C4-A7D1-13AD19C290D5}
	EndGlobalSection
EndGlobal
